
Microsoft Visual Studio Solution File, Format Version 12.00
# Visual Studio Version 16
VisualStudioVersion = 16.0.30523.141
MinimumVisualStudioVersion = 10.0.40219.1
Project("{FAE04EC0-301F-11D3-BF4B-00C04F79EFBC}") = "Portfolio", "Portfolio\Portfolio.csproj", "{2EE8DF5C-EE1E-4427-B10E-A5E932BBA2A0}"
EndProject
Global
	GlobalSection(SolutionConfigurationPlatforms) = preSolution
		Debug|Any CPU = Debug|Any CPU
		Release|Any CPU = Release|Any CPU
	EndGlobalSection
	GlobalSection(ProjectConfigurationPlatforms) = postSolution
		{2EE8DF5C-EE1E-4427-B10E-A5E932BBA2A0}.Debug|Any CPU.ActiveCfg = Debug|Any CPU
		{2EE8DF5C-EE1E-4427-B10E-A5E932BBA2A0}.Debug|Any CPU.Build.0 = Debug|Any CPU
		{2EE8DF5C-EE1E-4427-B10E-A5E932BBA2A0}.Release|Any CPU.ActiveCfg = Release|Any CPU
		{2EE8DF5C-EE1E-4427-B10E-A5E932BBA2A0}.Release|Any CPU.Build.0 = Release|Any CPU
	EndGlobalSection
	GlobalSection(SolutionProperties) = preSolution
		HideSolutionNode = FALSE
	EndGlobalSection
	GlobalSection(ExtensibilityGlobals) = postSolution
		SolutionGuid = {06808079-5475-4C01-951F-4CB3ECF485D3}
	EndGlobalSection
EndGlobal
